PODS:
  - appmetrica_sdk (0.0.1):
    - Flutter
    - YandexMobileMetrica/Dynamic (= 3.9.4)
    - YandexMobileMetricaPush/Dynamic (= 0.8.0)
  - Flutter (1.0.0)
  - YandexMobileMetrica/Dynamic (3.9.4):
    - YandexMobileMetrica/Dynamic/Core (= 3.9.4)
    - YandexMobileMetrica/Dynamic/Crashes (= 3.9.4)
  - YandexMobileMetrica/Dynamic/Core (3.9.4)
  - YandexMobileMetrica/Dynamic/Crashes (3.9.4):
    - YandexMobileMetrica/Dynamic/Core
  - YandexMobileMetricaPush/Dynamic (0.8.0):
    - YandexMobileMetrica/Dynamic/Core (~> 3.4)

DEPENDENCIES:
  - appmetrica_sdk (from `.symlinks/plugins/appmetrica_sdk/ios`)
  - Flutter (from `.symlinks/flutter/ios`)

SPEC REPOS:
  trunk:
    - YandexMobileMetrica
    - YandexMobileMetricaPush

EXTERNAL SOURCES:
  appmetrica_sdk:
    :path: ".symlinks/plugins/appmetrica_sdk/ios"
  Flutter:
    :path: ".symlinks/flutter/ios"

SPEC CHECKSUMS:
  appmetrica_sdk: c100bc43911ef4c9258143ae86ea9bf7ff10b2c1
  Flutter: 0e3d915762c693b495b44d77113d4970485de6ec
  YandexMobileMetrica: 1030df2959c886a7be3bc3d274eb54c8e86afd6f
  YandexMobileMetricaPush: ff5d6fc46d3987f44e9fac8b9cb2f776b638cd04

PODFILE CHECKSUM: 7fb83752f59ead6285236625b82473f90b1cb932

COCOAPODS: 1.9.3
